
Microsoft Visual Studio Solution File, Format Version 12.00
# Visual Studio 15
VisualStudioVersion = 15.0.28307.572
MinimumVisualStudioVersion = 10.0.40219.1
Project("{FAE04EC0-301F-11D3-BF4B-00C04F79EFBC}") = "Servicios.Cuentas", "Servicios.Cuentas\Servicios.Cuentas.csproj", "{3DBAE99A-4822-4247-8A4A-D209C614A278}"
EndProject
Global
	GlobalSection(SolutionConfigurationPlatforms) = preSolution
		Debug|Any CPU = Debug|Any CPU
		Release|Any CPU = Release|Any CPU
	EndGlobalSection
	GlobalSection(ProjectConfigurationPlatforms) = postSolution
		{3DBAE99A-4822-4247-8A4A-D209C614A278}.Debug|Any CPU.ActiveCfg = Debug|Any CPU
		{3DBAE99A-4822-4247-8A4A-D209C614A278}.Debug|Any CPU.Build.0 = Debug|Any CPU
		{3DBAE99A-4822-4247-8A4A-D209C614A278}.Release|Any CPU.ActiveCfg = Release|Any CPU
		{3DBAE99A-4822-4247-8A4A-D209C614A278}.Release|Any CPU.Build.0 = Release|Any CPU
	EndGlobalSection
	GlobalSection(SolutionProperties) = preSolution
		HideSolutionNode = FALSE
	EndGlobalSection
	GlobalSection(ExtensibilityGlobals) = postSolution
		SolutionGuid = {029706A9-12BE-434B-9B9E-0380275F4643}
	EndGlobalSection
EndGlobal
